
Microsoft Visual Studio Solution File, Format Version 12.00
# Visual Studio Version 17
VisualStudioVersion = 17.7.34024.191
MinimumVisualStudioVersion = 10.0.40219.1
Project("{FAE04EC0-301F-11D3-BF4B-00C04F79EFBC}") = "1Examen", "1Examen.csproj", "{DA96F01E-CA17-4464-B2DE-11FC7813E179}"
EndProject
Global
	GlobalSection(SolutionConfigurationPlatforms) = preSolution
		Debug|Any CPU = Debug|Any CPU
		Release|Any CPU = Release|Any CPU
	EndGlobalSection
	GlobalSection(ProjectConfigurationPlatforms) = postSolution
		{DA96F01E-CA17-4464-B2DE-11FC7813E179}.Debug|Any CPU.ActiveCfg = Debug|Any CPU
		{DA96F01E-CA17-4464-B2DE-11FC7813E179}.Debug|Any CPU.Build.0 = Debug|Any CPU
		{DA96F01E-CA17-4464-B2DE-11FC7813E179}.Release|Any CPU.ActiveCfg = Release|Any CPU
		{DA96F01E-CA17-4464-B2DE-11FC7813E179}.Release|Any CPU.Build.0 = Release|Any CPU
	EndGlobalSection
	GlobalSection(SolutionProperties) = preSolution
		HideSolutionNode = FALSE
	EndGlobalSection
	GlobalSection(ExtensibilityGlobals) = postSolution
		SolutionGuid = {A867755E-AFFF-45F5-9213-D5AE70A000C5}
	EndGlobalSection
EndGlobal
